
Microsoft Visual Studio Solution File, Format Version 12.00
# Visual Studio Version 17
VisualStudioVersion = 17.5.002.0
MinimumVisualStudioVersion = 10.0.40219.1
Project("{9A19103F-16F7-4668-BE54-9A1E7A4F7556}") = "ECommerceApp", "ECommerceApp\ECommerceApp.csproj", "{06937C4E-0F81-49CE-A9D1-E7DC95EF0163}"
EndProject
Global
	GlobalSection(SolutionConfigurationPlatforms) = preSolution
		Debug|Any CPU = Debug|Any CPU
		Release|Any CPU = Release|Any CPU
	EndGlobalSection
	GlobalSection(ProjectConfigurationPlatforms) = postSolution
		{06937C4E-0F81-49CE-A9D1-E7DC95EF0163}.Debug|Any CPU.ActiveCfg = Debug|Any CPU
		{06937C4E-0F81-49CE-A9D1-E7DC95EF0163}.Debug|Any CPU.Build.0 = Debug|Any CPU
		{06937C4E-0F81-49CE-A9D1-E7DC95EF0163}.Release|Any CPU.ActiveCfg = Release|Any CPU
		{06937C4E-0F81-49CE-A9D1-E7DC95EF0163}.Release|Any CPU.Build.0 = Release|Any CPU
	EndGlobalSection
	GlobalSection(SolutionProperties) = preSolution
		HideSolutionNode = FALSE
	EndGlobalSection
	GlobalSection(ExtensibilityGlobals) = postSolution
		SolutionGuid = {6186272A-D5F5-4F4C-AB9E-5270DE1E5B87}
	EndGlobalSection
EndGlobal
